// !$*UTF8*$!
{
	archiveVersion = 1;
	classes = {
	};
	objectVersion = 48;
	objects = {

/* Begin PBXBuildFile section */
		64514B811FB35E3B0011B576 /* TableViewCellFile.swift in Sources */ = {isa = PBXBuildFile; fileRef = 64514B801FB35E3B0011B576 /* TableViewCellFile.swift */; };
		645BA7291F7966DE00348622 /* AppDelegate.swift in Sources */ = {isa = PBXBuildFile; fileRef = 645BA7281F7966DE00348622 /* AppDelegate.swift */; };
		645BA72B1F7966DE00348622 /* FirstViewController.swift in Sources */ = {isa = PBXBuildFile; fileRef = 645BA72A1F7966DE00348622 /* FirstViewController.swift */; };
		645BA72D1F7966DE00348622 /* SecondViewController.swift in Sources */ = {isa = PBXBuildFile; fileRef = 645BA72C1F7966DE00348622 /* SecondViewController.swift */; };
		645BA7301F7966DE00348622 /* Main.storyboard in Resources */ = {isa = PBXBuildFile; fileRef = 645BA72E1F7966DE00348622 /* Main.storyboard */; };
		645BA7321F7966DE00348622 /* Assets.xcassets in Resources */ = {isa = PBXBuildFile; fileRef = 645BA7311F7966DE00348622 /* Assets.xcassets */; };
		645BA7351F7966DE00348622 /* LaunchScreen.storyboard in Resources */ = {isa = PBXBuildFile; fileRef = 645BA7331F7966DE00348622 /* LaunchScreen.storyboard */; };
		645BA7601F7A8AB600348622 /* NewMatchVC.swift in Sources */ = {isa = PBXBuildFile; fileRef = 645BA75F1F7A8AB600348622 /* NewMatchVC.swift */; };
		645BA7621F7A91EA00348622 /* CollectionViewCell.swift in Sources */ = {isa = PBXBuildFile; fileRef = 645BA7611F7A91EA00348622 /* CollectionViewCell.swift */; };
		6474F2A51FB3B46D00070BD0 /* PlayerDetails.swift in Sources */ = {isa = PBXBuildFile; fileRef = 6474F2A41FB3B46D00070BD0 /* PlayerDetails.swift */; };
/* End PBXBuildFile section */

/* Begin PBXFileReference section */
		64514B801FB35E3B0011B576 /* TableViewCellFile.swift */ = {isa = PBXFileReference; lastKnownFileType = sourcecode.swift; path = TableViewCellFile.swift; sourceTree = "<group>"; };
		645BA7251F7966DE00348622 /* joscout ipad.app */ = {isa = PBXFileReference; explicitFileType = wrapper.application; includeInIndex = 0; path = "joscout ipad.app"; sourceTree = BUILT_PRODUCTS_DIR; };
		645BA7281F7966DE00348622 /* AppDelegate.swift */ = {isa = PBXFileReference; lastKnownFileType = sourcecode.swift; path = AppDelegate.swift; sourceTree = "<group>"; };
		645BA72A1F7966DE00348622 /* FirstViewController.swift */ = {isa = PBXFileReference; lastKnownFileType = sourcecode.swift; path = FirstViewController.swift; sourceTree = "<group>"; };
		645BA72C1F7966DE00348622 /* SecondViewController.swift */ = {isa = PBXFileReference; lastKnownFileType = sourcecode.swift; path = SecondViewController.swift; sourceTree = "<group>"; };
		645BA72F1F7966DE00348622 /* Base */ = {isa = PBXFileReference; lastKnownFileType = file.storyboard; name = Base; path = Base.lproj/Main.storyboard; sourceTree = "<group>"; };
		645BA7311F7966DE00348622 /* Assets.xcassets */ = {isa = PBXFileReference; lastKnownFileType = folder.assetcatalog; path = Assets.xcassets; sourceTree = "<group>"; };
		645BA7341F7966DE00348622 /* Base */ = {isa = PBXFileReference; lastKnownFileType = file.storyboard; name = Base; path = Base.lproj/LaunchScreen.storyboard; sourceTree = "<group>"; };
		645BA7361F7966DE00348622 /* Info.plist */ = {isa = PBXFileReference; lastKnownFileType = text.plist.xml; path = Info.plist; sourceTree = "<group>"; };
		645BA75F1F7A8AB600348622 /* NewMatchVC.swift */ = {isa = PBXFileReference; lastKnownFileType = sourcecode.swift; path = NewMatchVC.swift; sourceTree = "<group>"; };
		645BA7611F7A91EA00348622 /* CollectionViewCell.swift */ = {isa = PBXFileReference; lastKnownFileType = sourcecode.swift; path = CollectionViewCell.swift; sourceTree = "<group>"; };
		6474F2A41FB3B46D00070BD0 /* PlayerDetails.swift */ = {isa = PBXFileReference; lastKnownFileType = sourcecode.swift; path = PlayerDetails.swift; sourceTree = "<group>"; };
/* End PBXFileReference section */

/* Begin PBXFrameworksBuildPhase section */
		645BA7221F7966DE00348622 /* Frameworks */ = {
			isa = PBXFrameworksBuildPhase;
			buildActionMask = 2147483647;
			files = (
			);
			runOnlyForDeploymentPostprocessing = 0;
		};
/* End PBXFrameworksBuildPhase section */

/* Begin PBXGroup section */
		645BA71C1F7966DD00348622 = {
			isa = PBXGroup;
			children = (
				645BA7271F7966DE00348622 /* joscout ipad */,
				645BA7261F7966DE00348622 /* Products */,
			);
			sourceTree = "<group>";
		};
		645BA7261F7966DE00348622 /* Products */ = {
			isa = PBXGroup;
			children = (
				645BA7251F7966DE00348622 /* joscout ipad.app */,
			);
			name = Products;
			sourceTree = "<group>";
		};
		645BA7271F7966DE00348622 /* joscout ipad */ = {
			isa = PBXGroup;
			children = (
				645BA7281F7966DE00348622 /* AppDelegate.swift */,
				645BA72A1F7966DE00348622 /* FirstViewController.swift */,
				645BA72C1F7966DE00348622 /* SecondViewController.swift */,
				645BA72E1F7966DE00348622 /* Main.storyboard */,
				645BA7311F7966DE00348622 /* Assets.xcassets */,
				645BA7331F7966DE00348622 /* LaunchScreen.storyboard */,
				645BA7361F7966DE00348622 /* Info.plist */,
				645BA75F1F7A8AB600348622 /* NewMatchVC.swift */,
				645BA7611F7A91EA00348622 /* CollectionViewCell.swift */,
				64514B801FB35E3B0011B576 /* TableViewCellFile.swift */,
				6474F2A41FB3B46D00070BD0 /* PlayerDetails.swift */,
			);
			path = "joscout ipad";
			sourceTree = "<group>";
		};
/* End PBXGroup section */

/* Begin PBXNativeTarget section */
		645BA7241F7966DE00348622 /* joscout ipad */ = {
			isa = PBXNativeTarget;
			buildConfigurationList = 645BA7391F7966DE00348622 /* Build configuration list for PBXNativeTarget "joscout ipad" */;
			buildPhases = (
				645BA7211F7966DE00348622 /* Sources */,
				645BA7221F7966DE00348622 /* Frameworks */,
				645BA7231F7966DE00348622 /* Resources */,
			);
			buildRules = (
			);
			dependencies = (
			);
			name = "joscout ipad";
			productName = "joscout ipad";
			productReference = 645BA7251F7966DE00348622 /* joscout ipad.app */;
			productType = "com.apple.product-type.application";
		};
/* End PBXNativeTarget section */

/* Begin PBXProject section */
		645BA71D1F7966DD00348622 /* Project object */ = {
			isa = PBXProject;
			attributes = {
				LastSwiftUpdateCheck = 0900;
				LastUpgradeCheck = 0900;
				ORGANIZATIONNAME = "Daniele Lanzetta";
				TargetAttributes = {
					645BA7241F7966DE00348622 = {
						CreatedOnToolsVersion = 9.0;
						ProvisioningStyle = Automatic;
					};
				};
			};
			buildConfigurationList = 645BA7201F7966DD00348622 /* Build configuration list for PBXProject "joscout ipad" */;
			compatibilityVersion = "Xcode 8.0";
			developmentRegion = en;
			hasScannedForEncodings = 0;
			knownRegions = (
				en,
				Base,
			);
			mainGroup = 645BA71C1F7966DD00348622;
			productRefGroup = 645BA7261F7966DE00348622 /* Products */;
			projectDirPath = "";
			projectRoot = "";
			targets = (
				645BA7241F7966DE00348622 /* joscout ipad */,
			);
		};
/* End PBXProject section */

/* Begin PBXResourcesBuildPhase section */
		645BA7231F7966DE00348622 /* Resources */ = {
			isa = PBXResourcesBuildPhase;
			buildActionMask = 2147483647;
			files = (
				645BA7351F7966DE00348622 /* LaunchScreen.storyboard in Resources */,
				645BA7321F7966DE00348622 /* Assets.xcassets in Resources */,
				645BA7301F7966DE00348622 /* Main.storyboard in Resources */,
			);
			runOnlyForDeploymentPostprocessing = 0;
		};
/* End PBXResourcesBuildPhase section */

/* Begin PBXSourcesBuildPhase section */
		645BA7211F7966DE00348622 /* Sources */ = {
			isa = PBXSourcesBuildPhase;
			buildActionMask = 2147483647;
			files = (
				645BA7621F7A91EA00348622 /* CollectionViewCell.swift in Sources */,
				645BA72D1F7966DE00348622 /* SecondViewController.swift in Sources */,
				645BA7291F7966DE00348622 /* AppDelegate.swift in Sources */,
				64514B811FB35E3B0011B576 /* TableViewCellFile.swift in Sources */,
				6474F2A51FB3B46D00070BD0 /* PlayerDetails.swift in Sources */,
				645BA72B1F7966DE00348622 /* FirstViewController.swift in Sources */,
				645BA7601F7A8AB600348622 /* NewMatchVC.swift in Sources */,
			);
			runOnlyForDeploymentPostprocessing = 0;
		};
/* End PBXSourcesBuildPhase section */

/* Begin PBXVariantGroup section */
		645BA72E1F7966DE00348622 /* Main.storyboard */ = {
			isa = PBXVariantGroup;
			children = (
				645BA72F1F7966DE00348622 /* Base */,
			);
			name = Main.storyboard;
			sourceTree = "<group>";
		};
		645BA7331F7966DE00348622 /* LaunchScreen.storyboard */ = {
			isa = PBXVariantGroup;
			children = (
				645BA7341F7966DE00348622 /* Base */,
			);
			name = LaunchScreen.storyboard;
			sourceTree = "<group>";
		};
/* End PBXVariantGroup section */

/* Begin XCBuildConfiguration section */
		645BA7371F7966DE00348622 /* Debug */ = {
			isa = XCBuildConfiguration;
			buildSettings = {
				ALWAYS_SEARCH_USER_PATHS = NO;
				CLANG_ANALYZER_NONNULL = YES;
				CLANG_ANALYZER_NUMBER_OBJECT_CONVERSION = YES_AGGRESSIVE;
				CLANG_CXX_LANGUAGE_STANDARD = "gnu++14";
				CLANG_CXX_LIBRARY = "libc++";
				CLANG_ENABLE_MODULES = YES;
				CLANG_ENABLE_OBJC_ARC = YES;
				CLANG_WARN_BLOCK_CAPTURE_AUTORELEASING = YES;
				CLANG_WARN_BOOL_CONVERSION = YES;
				CLANG_WARN_COMMA = YES;
				CLANG_WARN_CONSTANT_CONVERSION = YES;
				CLANG_WARN_DIRECT_OBJC_ISA_USAGE = YES_ERROR;
				CLANG_WARN_DOCUMENTATION_COMMENTS = YES;
				CLANG_WARN_EMPTY_BODY = YES;
				CLANG_WARN_ENUM_CONVERSION = YES;
				CLANG_WARN_INFINITE_RECURSION = YES;
				CLANG_WARN_INT_CONVERSION = YES;
				CLANG_WARN_NON_LITERAL_NULL_CONVERSION = YES;
				CLANG_WARN_OBJC_LITERAL_CONVERSION = YES;
				CLANG_WARN_OBJC_ROOT_CLASS = YES_ERROR;
				CLANG_WARN_RANGE_LOOP_ANALYSIS = YES;
				CLANG_WARN_STRICT_PROTOTYPES = YES;
				CLANG_WARN_SUSPICIOUS_MOVE = YES;
				CLANG_WARN_UNGUARDED_AVAILABILITY = YES_AGGRESSIVE;
				CLANG_WARN_UNREACHABLE_CODE = YES;
				CLANG_WARN__DUPLICATE_METHOD_MATCH = YES;
				CODE_SIGN_IDENTITY = "iPhone Developer";
				COPY_PHASE_STRIP = NO;
				DEBUG_INFORMATION_FORMAT = dwarf;
				ENABLE_STRICT_OBJC_MSGSEND = YES;
				ENABLE_TESTABILITY = YES;
				GCC_C_LANGUAGE_STANDARD = gnu11;
				GCC_DYNAMIC_NO_PIC = NO;
				GCC_NO_COMMON_BLOCKS = YES;
				GCC_OPTIMIZATION_LEVEL = 0;
				GCC_PREPROCESSOR_DEFINITIONS = (
					"DEBUG=1",
					"$(inherited)",
				);
				GCC_WARN_64_TO_32_BIT_CONVERSION = YES;
				GCC_WARN_ABOUT_RETURN_TYPE = YES_ERROR;
				GCC_WARN_UNDECLARED_SELECTOR = YES;
				GCC_WARN_UNINITIALIZED_AUTOS = YES_AGGRESSIVE;
				GCC_WARN_UNUSED_FUNCTION = YES;
				GCC_WARN_UNUSED_VARIABLE = YES;
				IPHONEOS_DEPLOYMENT_TARGET = 11.0;
				MTL_ENABLE_DEBUG_INFO = YES;
				ONLY_ACTIVE_ARCH = YES;
				SDKROOT = iphoneos;
				SWIFT_ACTIVE_COMPILATION_CONDITIONS = DEBUG;
				SWIFT_OPTIMIZATION_LEVEL = "-Onone";
			};
			name = Debug;
		};
		645BA7381F7966DE00348622 /* Release */ = {
			isa = XCBuildConfiguration;
			buildSettings = {
				ALWAYS_SEARCH_USER_PATHS = NO;
				CLANG_ANALYZER_NONNULL = YES;
				CLANG_ANALYZER_NUMBER_OBJECT_CONVERSION = YES_AGGRESSIVE;
				CLANG_CXX_LANGUAGE_STANDARD = "gnu++14";
				CLANG_CXX_LIBRARY = "libc++";
				CLANG_ENABLE_MODULES = YES;
				CLANG_ENABLE_OBJC_ARC = YES;
				CLANG_WARN_BLOCK_CAPTURE_AUTORELEASING = YES;
				CLANG_WARN_BOOL_CONVERSION = YES;
				CLANG_WARN_COMMA = YES;
				CLANG_WARN_CONSTANT_CONVERSION = YES;
				CLANG_WARN_DIRECT_OBJC_ISA_USAGE = YES_ERROR;
				CLANG_WARN_DOCUMENTATION_COMMENTS = YES;
				CLANG_WARN_EMPTY_BODY = YES;
				CLANG_WARN_ENUM_CONVERSION = YES;
				CLANG_WARN_INFINITE_RECURSION = YES;
				CLANG_WARN_INT_CONVERSION = YES;
				CLANG_WARN_NON_LITERAL_NULL_CONVERSION = YES;
				CLANG_WARN_OBJC_LITERAL_CONVERSION = YES;
				CLANG_WARN_OBJC_ROOT_CLASS = YES_ERROR;
				CLANG_WARN_RANGE_LOOP_ANALYSIS = YES;
				CLANG_WARN_STRICT_PROTOTYPES = YES;
				CLANG_WARN_SUSPICIOUS_MOVE = YES;
				CLANG_WARN_UNGUARDED_AVAILABILITY = YES_AGGRESSIVE;
				CLANG_WARN_UNREACHABLE_CODE = YES;
				CLANG_WARN__DUPLICATE_METHOD_MATCH = YES;
				CODE_SIGN_IDENTITY = "iPhone Developer";
				COPY_PHASE_STRIP = NO;
				DEBUG_INFORMATION_FORMAT = "dwarf-with-dsym";
				ENABLE_NS_ASSERTIONS = NO;
				ENABLE_STRICT_OBJC_MSGSEND = YES;
				GCC_C_LANGUAGE_STANDARD = gnu11;
				GCC_NO_COMMON_BLOCKS = YES;
				GCC_WARN_64_TO_32_BIT_CONVERSION = YES;
				GCC_WARN_ABOUT_RETURN_TYPE = YES_ERROR;
				GCC_WARN_UNDECLARED_SELECTOR = YES;
				GCC_WARN_UNINITIALIZED_AUTOS = YES_AGGRESSIVE;
				GCC_WARN_UNUSED_FUNCTION = YES;
				GCC_WARN_UNUSED_VARIABLE = YES;
				IPHONEOS_DEPLOYMENT_TARGET = 11.0;
				MTL_ENABLE_DEBUG_INFO = NO;
				SDKROOT = iphoneos;
				SWIFT_OPTIMIZATION_LEVEL = "-Owholemodule";
				VALIDATE_PRODUCT = YES;
			};
			name = Release;
		};
		645BA73A1F7966DE00348622 /* Debug */ = {
			isa = XCBuildConfiguration;
			buildSettings = {
				ASSETCATALOG_COMPILER_APPICON_NAME = AppIcon;
				CODE_SIGN_STYLE = Automatic;
				DEVELOPMENT_TEAM = 4HPQKV33SX;
				INFOPLIST_FILE = "joscout ipad/Info.plist";
				LD_RUNPATH_SEARCH_PATHS = "$(inherited) @executable_path/Frameworks";
				PRODUCT_BUNDLE_IDENTIFIER = "personal.joscout-ipad";
				PRODUCT_NAME = "$(TARGET_NAME)";
				SWIFT_VERSION = 4.0;
				TARGETED_DEVICE_FAMILY = "1,2";
			};
			name = Debug;
		};
		645BA73B1F7966DE00348622 /* Release */ = {
			isa = XCBuildConfiguration;
			buildSettings = {
				ASSETCATALOG_COMPILER_APPICON_NAME = AppIcon;
				CODE_SIGN_STYLE = Automatic;
				DEVELOPMENT_TEAM = 4HPQKV33SX;
				INFOPLIST_FILE = "joscout ipad/Info.plist";
				LD_RUNPATH_SEARCH_PATHS = "$(inherited) @executable_path/Frameworks";
				PRODUCT_BUNDLE_IDENTIFIER = "personal.joscout-ipad";
				PRODUCT_NAME = "$(TARGET_NAME)";
				SWIFT_VERSION = 4.0;
				TARGETED_DEVICE_FAMILY = "1,2";
			};
			name = Release;
		};
/* End XCBuildConfiguration section */

/* Begin XCConfigurationList section */
		645BA7201F7966DD00348622 /* Build configuration list for PBXProject "joscout ipad" */ = {
			isa = XCConfigurationList;
			buildConfigurations = (
				645BA7371F7966DE00348622 /* Debug */,
				645BA7381F7966DE00348622 /* Release */,
			);
			defaultConfigurationIsVisible = 0;
			defaultConfigurationName = Release;
		};
		645BA7391F7966DE00348622 /* Build configuration list for PBXNativeTarget "joscout ipad" */ = {
			isa = XCConfigurationList;
			buildConfigurations = (
				645BA73A1F7966DE00348622 /* Debug */,
				645BA73B1F7966DE00348622 /* Release */,
			);
			defaultConfigurationIsVisible = 0;
			defaultConfigurationName = Release;
		};
/* End XCConfigurationList section */
	};
	rootObject = 645BA71D1F7966DD00348622 /* Project object */;
}
